
Microsoft Visual Studio Solution File, Format Version 12.00
# Visual Studio Version 16
VisualStudioVersion = 16.0.34601.136
MinimumVisualStudioVersion = 10.0.40219.1
Project("{FAE04EC0-301F-11D3-BF4B-00C04F79EFBC}") = "do_an_scada", "do_an_scada\do_an_scada.csproj", "{96AE4123-199D-4321-B53A-7FF25DF5FA8A}"
EndProject
Global
	GlobalSection(SolutionConfigurationPlatforms) = preSolution
		Debug|Any CPU = Debug|Any CPU
		Release|Any CPU = Release|Any CPU
	EndGlobalSection
	GlobalSection(ProjectConfigurationPlatforms) = postSolution
		{96AE4123-199D-4321-B53A-7FF25DF5FA8A}.Debug|Any CPU.ActiveCfg = Debug|Any CPU
		{96AE4123-199D-4321-B53A-7FF25DF5FA8A}.Debug|Any CPU.Build.0 = Debug|Any CPU
		{96AE4123-199D-4321-B53A-7FF25DF5FA8A}.Release|Any CPU.ActiveCfg = Release|Any CPU
		{96AE4123-199D-4321-B53A-7FF25DF5FA8A}.Release|Any CPU.Build.0 = Release|Any CPU
	EndGlobalSection
	GlobalSection(SolutionProperties) = preSolution
		HideSolutionNode = FALSE
	EndGlobalSection
	GlobalSection(ExtensibilityGlobals) = postSolution
		SolutionGuid = {D3224D68-AA8B-4EE7-95F4-99CF9CDB5450}
	EndGlobalSection
EndGlobal
